// !$*UTF8*$!
{
	archiveVersion = 1;
	classes = {
	};
	objectVersion = 46;
	objects = {

/* Begin PBXBuildFile section */
		BF52CBED1BBDED2A00A3F59B /* Server.swift in Sources */ = {isa = PBXBuildFile; fileRef = BF52CBEC1BBDED2A00A3F59B /* Server.swift */; };
		BF60477A1BBDAA34008C8E9C /* AppDelegate.swift in Sources */ = {isa = PBXBuildFile; fileRef = BF6047791BBDAA34008C8E9C /* AppDelegate.swift */; };
		BF60477C1BBDAA34008C8E9C /* ViewController.swift in Sources */ = {isa = PBXBuildFile; fileRef = BF60477B1BBDAA34008C8E9C /* ViewController.swift */; };
		BF60477F1BBDAA34008C8E9C /* Main.storyboard in Resources */ = {isa = PBXBuildFile; fileRef = BF60477D1BBDAA34008C8E9C /* Main.storyboard */; };
		BF6047811BBDAA34008C8E9C /* Assets.xcassets in Resources */ = {isa = PBXBuildFile; fileRef = BF6047801BBDAA34008C8E9C /* Assets.xcassets */; };
		BF6047841BBDAA34008C8E9C /* LaunchScreen.storyboard in Resources */ = {isa = PBXBuildFile; fileRef = BF6047821BBDAA34008C8E9C /* LaunchScreen.storyboard */; };
/* End PBXBuildFile section */

/* Begin PBXFileReference section */
		BF52CBEC1BBDED2A00A3F59B /* Server.swift */ = {isa = PBXFileReference; fileEncoding = 4; lastKnownFileType = sourcecode.swift; path = Server.swift; sourceTree = "<group>"; };
		BF6047761BBDAA34008C8E9C /* MemeGenerator.app */ = {isa = PBXFileReference; explicitFileType = wrapper.application; includeInIndex = 0; path = MemeGenerator.app; sourceTree = BUILT_PRODUCTS_DIR; };
		BF6047791BBDAA34008C8E9C /* AppDelegate.swift */ = {isa = PBXFileReference; lastKnownFileType = sourcecode.swift; path = AppDelegate.swift; sourceTree = "<group>"; };
		BF60477B1BBDAA34008C8E9C /* ViewController.swift */ = {isa = PBXFileReference; lastKnownFileType = sourcecode.swift; path = ViewController.swift; sourceTree = "<group>"; };
		BF60477E1BBDAA34008C8E9C /* Base */ = {isa = PBXFileReference; lastKnownFileType = file.storyboard; name = Base; path = Base.lproj/Main.storyboard; sourceTree = "<group>"; };
		BF6047801BBDAA34008C8E9C /* Assets.xcassets */ = {isa = PBXFileReference; lastKnownFileType = folder.assetcatalog; path = Assets.xcassets; sourceTree = "<group>"; };
		BF6047831BBDAA34008C8E9C /* Base */ = {isa = PBXFileReference; lastKnownFileType = file.storyboard; name = Base; path = Base.lproj/LaunchScreen.storyboard; sourceTree = "<group>"; };
		BF6047851BBDAA34008C8E9C /* Info.plist */ = {isa = PBXFileReference; lastKnownFileType = text.plist.xml; path = Info.plist; sourceTree = "<group>"; };
/* End PBXFileReference section */

/* Begin PBXFrameworksBuildPhase section */
		BF6047731BBDAA34008C8E9C /* Frameworks */ = {
			isa = PBXFrameworksBuildPhase;
			buildActionMask = 2147483647;
			files = (
			);
			runOnlyForDeploymentPostprocessing = 0;
		};
/* End PBXFrameworksBuildPhase section */

/* Begin PBXGroup section */
		BF60476D1BBDAA34008C8E9C = {
			isa = PBXGroup;
			children = (
				BF6047781BBDAA34008C8E9C /* MemeGenerator */,
				BF6047771BBDAA34008C8E9C /* Products */,
			);
			sourceTree = "<group>";
		};
		BF6047771BBDAA34008C8E9C /* Products */ = {
			isa = PBXGroup;
			children = (
				BF6047761BBDAA34008C8E9C /* MemeGenerator.app */,
			);
			name = Products;
			sourceTree = "<group>";
		};
		BF6047781BBDAA34008C8E9C /* MemeGenerator */ = {
			isa = PBXGroup;
			children = (
				BF6047791BBDAA34008C8E9C /* AppDelegate.swift */,
				BF60477B1BBDAA34008C8E9C /* ViewController.swift */,
				BF52CBEC1BBDED2A00A3F59B /* Server.swift */,
				BF60477D1BBDAA34008C8E9C /* Main.storyboard */,
				BF6047821BBDAA34008C8E9C /* LaunchScreen.storyboard */,
				BF6047801BBDAA34008C8E9C /* Assets.xcassets */,
				BF6047851BBDAA34008C8E9C /* Info.plist */,
			);
			path = MemeGenerator;
			sourceTree = "<group>";
		};
/* End PBXGroup section */

/* Begin PBXNativeTarget section */
		BF6047751BBDAA34008C8E9C /* MemeGenerator */ = {
			isa = PBXNativeTarget;
			buildConfigurationList = BF6047881BBDAA34008C8E9C /* Build configuration list for PBXNativeTarget "MemeGenerator" */;
			buildPhases = (
				BF6047721BBDAA34008C8E9C /* Sources */,
				BF6047731BBDAA34008C8E9C /* Frameworks */,
				BF6047741BBDAA34008C8E9C /* Resources */,
			);
			buildRules = (
			);
			dependencies = (
			);
			name = MemeGenerator;
			productName = MemeGenerator;
			productReference = BF6047761BBDAA34008C8E9C /* MemeGenerator.app */;
			productType = "com.apple.product-type.application";
		};
/* End PBXNativeTarget section */

/* Begin PBXProject section */
		BF60476E1BBDAA34008C8E9C /* Project object */ = {
			isa = PBXProject;
			attributes = {
				LastUpgradeCheck = 0700;
				TargetAttributes = {
					BF6047751BBDAA34008C8E9C = {
						CreatedOnToolsVersion = 7.0.1;
					};
				};
			};
			buildConfigurationList = BF6047711BBDAA34008C8E9C /* Build configuration list for PBXProject "MemeGenerator" */;
			compatibilityVersion = "Xcode 3.2";
			developmentRegion = English;
			hasScannedForEncodings = 0;
			knownRegions = (
				en,
				Base,
			);
			mainGroup = BF60476D1BBDAA34008C8E9C;
			productRefGroup = BF6047771BBDAA34008C8E9C /* Products */;
			projectDirPath = "";
			projectRoot = "";
			targets = (
				BF6047751BBDAA34008C8E9C /* MemeGenerator */,
			);
		};
/* End PBXProject section */

/* Begin PBXResourcesBuildPhase section */
		BF6047741BBDAA34008C8E9C /* Resources */ = {
			isa = PBXResourcesBuildPhase;
			buildActionMask = 2147483647;
			files = (
				BF6047841BBDAA34008C8E9C /* LaunchScreen.storyboard in Resources */,
				BF6047811BBDAA34008C8E9C /* Assets.xcassets in Resources */,
				BF60477F1BBDAA34008C8E9C /* Main.storyboard in Resources */,
			);
			runOnlyForDeploymentPostprocessing = 0;
		};
/* End PBXResourcesBuildPhase section */

/* Begin PBXSourcesBuildPhase section */
		BF6047721BBDAA34008C8E9C /* Sources */ = {
			isa = PBXSourcesBuildPhase;
			buildActionMask = 2147483647;
			files = (
				BF60477C1BBDAA34008C8E9C /* ViewController.swift in Sources */,
				BF52CBED1BBDED2A00A3F59B /* Server.swift in Sources */,
				BF60477A1BBDAA34008C8E9C /* AppDelegate.swift in Sources */,
			);
			runOnlyForDeploymentPostprocessing = 0;
		};
/* End PBXSourcesBuildPhase section */

/* Begin PBXVariantGroup section */
		BF60477D1BBDAA34008C8E9C /* Main.storyboard */ = {
			isa = PBXVariantGroup;
			children = (
				BF60477E1BBDAA34008C8E9C /* Base */,
			);
			name = Main.storyboard;
			sourceTree = "<group>";
		};
		BF6047821BBDAA34008C8E9C /* LaunchScreen.storyboard */ = {
			isa = PBXVariantGroup;
			children = (
				BF6047831BBDAA34008C8E9C /* Base */,
			);
			name = LaunchScreen.storyboard;
			sourceTree = "<group>";
		};
/* End PBXVariantGroup section */

/* Begin XCBuildConfiguration section */
		BF6047861BBDAA34008C8E9C /* Debug */ = {
			isa = XCBuildConfiguration;
			buildSettings = {
				ALWAYS_SEARCH_USER_PATHS = NO;
				CLANG_CXX_LANGUAGE_STANDARD = "gnu++0x";
				CLANG_CXX_LIBRARY = "libc++";
				CLANG_ENABLE_MODULES = YES;
				CLANG_ENABLE_OBJC_ARC = YES;
				CLANG_WARN_BOOL_CONVERSION = YES;
				CLANG_WARN_CONSTANT_CONVERSION = YES;
				CLANG_WARN_DIRECT_OBJC_ISA_USAGE = YES_ERROR;
				CLANG_WARN_EMPTY_BODY = YES;
				CLANG_WARN_ENUM_CONVERSION = YES;
				CLANG_WARN_INT_CONVERSION = YES;
				CLANG_WARN_OBJC_ROOT_CLASS = YES_ERROR;
				CLANG_WARN_UNREACHABLE_CODE = YES;
				CLANG_WARN__DUPLICATE_METHOD_MATCH = YES;
				"CODE_SIGN_IDENTITY[sdk=iphoneos*]" = "iPhone Developer";
				COPY_PHASE_STRIP = NO;
				DEBUG_INFORMATION_FORMAT = dwarf;
				ENABLE_STRICT_OBJC_MSGSEND = YES;
				ENABLE_TESTABILITY = YES;
				GCC_C_LANGUAGE_STANDARD = gnu99;
				GCC_DYNAMIC_NO_PIC = NO;
				GCC_NO_COMMON_BLOCKS = YES;
				GCC_OPTIMIZATION_LEVEL = 0;
				GCC_PREPROCESSOR_DEFINITIONS = (
					"DEBUG=1",
					"$(inherited)",
				);
				GCC_WARN_64_TO_32_BIT_CONVERSION = YES;
				GCC_WARN_ABOUT_RETURN_TYPE = YES_ERROR;
				GCC_WARN_UNDECLARED_SELECTOR = YES;
				GCC_WARN_UNINITIALIZED_AUTOS = YES_AGGRESSIVE;
				GCC_WARN_UNUSED_FUNCTION = YES;
				GCC_WARN_UNUSED_VARIABLE = YES;
				IPHONEOS_DEPLOYMENT_TARGET = 9.0;
				MTL_ENABLE_DEBUG_INFO = YES;
				ONLY_ACTIVE_ARCH = YES;
				SDKROOT = iphoneos;
				SWIFT_OPTIMIZATION_LEVEL = "-Onone";
			};
			name = Debug;
		};
		BF6047871BBDAA34008C8E9C /* Release */ = {
			isa = XCBuildConfiguration;
			buildSettings = {
				ALWAYS_SEARCH_USER_PATHS = NO;
				CLANG_CXX_LANGUAGE_STANDARD = "gnu++0x";
				CLANG_CXX_LIBRARY = "libc++";
				CLANG_ENABLE_MODULES = YES;
				CLANG_ENABLE_OBJC_ARC = YES;
				CLANG_WARN_BOOL_CONVERSION = YES;
				CLANG_WARN_CONSTANT_CONVERSION = YES;
				CLANG_WARN_DIRECT_OBJC_ISA_USAGE = YES_ERROR;
				CLANG_WARN_EMPTY_BODY = YES;
				CLANG_WARN_ENUM_CONVERSION = YES;
				CLANG_WARN_INT_CONVERSION = YES;
				CLANG_WARN_OBJC_ROOT_CLASS = YES_ERROR;
				CLANG_WARN_UNREACHABLE_CODE = YES;
				CLANG_WARN__DUPLICATE_METHOD_MATCH = YES;
				"CODE_SIGN_IDENTITY[sdk=iphoneos*]" = "iPhone Developer";
				COPY_PHASE_STRIP = NO;
				DEBUG_INFORMATION_FORMAT = "dwarf-with-dsym";
				ENABLE_NS_ASSERTIONS = NO;
				ENABLE_STRICT_OBJC_MSGSEND = YES;
				GCC_C_LANGUAGE_STANDARD = gnu99;
				GCC_NO_COMMON_BLOCKS = YES;
				GCC_WARN_64_TO_32_BIT_CONVERSION = YES;
				GCC_WARN_ABOUT_RETURN_TYPE = YES_ERROR;
				GCC_WARN_UNDECLARED_SELECTOR = YES;
				GCC_WARN_UNINITIALIZED_AUTOS = YES_AGGRESSIVE;
				GCC_WARN_UNUSED_FUNCTION = YES;
				GCC_WARN_UNUSED_VARIABLE = YES;
				IPHONEOS_DEPLOYMENT_TARGET = 9.0;
				MTL_ENABLE_DEBUG_INFO = NO;
				SDKROOT = iphoneos;
				VALIDATE_PRODUCT = YES;
			};
			name = Release;
		};
		BF6047891BBDAA34008C8E9C /* Debug */ = {
			isa = XCBuildConfiguration;
			buildSettings = {
				ASSETCATALOG_COMPILER_APPICON_NAME = AppIcon;
				INFOPLIST_FILE = MemeGenerator/Info.plist;
				LD_RUNPATH_SEARCH_PATHS = "$(inherited) @executable_path/Frameworks";
				PRODUCT_BUNDLE_IDENTIFIER = com.example.MemeGenerator;
				PRODUCT_NAME = "$(TARGET_NAME)";
				SWIFT_VERSION = 2.3;
			};
			name = Debug;
		};
		BF60478A1BBDAA34008C8E9C /* Release */ = {
			isa = XCBuildConfiguration;
			buildSettings = {
				ASSETCATALOG_COMPILER_APPICON_NAME = AppIcon;
				INFOPLIST_FILE = MemeGenerator/Info.plist;
				LD_RUNPATH_SEARCH_PATHS = "$(inherited) @executable_path/Frameworks";
				PRODUCT_BUNDLE_IDENTIFIER = com.example.MemeGenerator;
				PRODUCT_NAME = "$(TARGET_NAME)";
				SWIFT_VERSION = 2.3;
			};
			name = Release;
		};
/* End XCBuildConfiguration section */

/* Begin XCConfigurationList section */
		BF6047711BBDAA34008C8E9C /* Build configuration list for PBXProject "MemeGenerator" */ = {
			isa = XCConfigurationList;
			buildConfigurations = (
				BF6047861BBDAA34008C8E9C /* Debug */,
				BF6047871BBDAA34008C8E9C /* Release */,
			);
			defaultConfigurationIsVisible = 0;
			defaultConfigurationName = Release;
		};
		BF6047881BBDAA34008C8E9C /* Build configuration list for PBXNativeTarget "MemeGenerator" */ = {
			isa = XCConfigurationList;
			buildConfigurations = (
				BF6047891BBDAA34008C8E9C /* Debug */,
				BF60478A1BBDAA34008C8E9C /* Release */,
			);
			defaultConfigurationIsVisible = 0;
			defaultConfigurationName = Release;
		};
/* End XCConfigurationList section */
	};
	rootObject = BF60476E1BBDAA34008C8E9C /* Project object */;
}
